
Microsoft Visual Studio Solution File, Format Version 12.00
# Visual Studio 2013
VisualStudioVersion = 12.0.21005.1
MinimumVisualStudioVersion = 10.0.40219.1
Project("{FAE04EC0-301F-11D3-BF4B-00C04F79EFBC}") = "cssharp-example", "cssharp-example\cssharp-example.csproj", "{5C7F4972-3198-4608-AA54-A94524ABFBE2}"
EndProject
Global
	GlobalSection(SolutionConfigurationPlatforms) = preSolution
		Debug|Any CPU = Debug|Any CPU
		Release|Any CPU = Release|Any CPU
	EndGlobalSection
	GlobalSection(ProjectConfigurationPlatforms) = postSolution
		{5C7F4972-3198-4608-AA54-A94524ABFBE2}.Debug|Any CPU.ActiveCfg = Debug|Any CPU
		{5C7F4972-3198-4608-AA54-A94524ABFBE2}.Debug|Any CPU.Build.0 = Debug|Any CPU
		{5C7F4972-3198-4608-AA54-A94524ABFBE2}.Release|Any CPU.ActiveCfg = Release|Any CPU
		{5C7F4972-3198-4608-AA54-A94524ABFBE2}.Release|Any CPU.Build.0 = Release|Any CPU
	EndGlobalSection
	GlobalSection(SolutionProperties) = preSolution
		HideSolutionNode = FALSE
	EndGlobalSection
EndGlobal
